
Microsoft Visual Studio Solution File, Format Version 12.00
# Visual Studio Version 16
VisualStudioVersion = 16.0.31613.86
MinimumVisualStudioVersion = 10.0.40219.1
Project("{FAE04EC0-301F-11D3-BF4B-00C04F79EFBC}") = "RekurzijaVaja", "RekurzijaVaja\RekurzijaVaja.csproj", "{032B455A-C728-4D4F-B6AC-3E45377C855D}"
EndProject
Global
	GlobalSection(SolutionConfigurationPlatforms) = preSolution
		Debug|Any CPU = Debug|Any CPU
		Release|Any CPU = Release|Any CPU
	EndGlobalSection
	GlobalSection(ProjectConfigurationPlatforms) = postSolution
		{032B455A-C728-4D4F-B6AC-3E45377C855D}.Debug|Any CPU.ActiveCfg = Debug|Any CPU
		{032B455A-C728-4D4F-B6AC-3E45377C855D}.Debug|Any CPU.Build.0 = Debug|Any CPU
		{032B455A-C728-4D4F-B6AC-3E45377C855D}.Release|Any CPU.ActiveCfg = Release|Any CPU
		{032B455A-C728-4D4F-B6AC-3E45377C855D}.Release|Any CPU.Build.0 = Release|Any CPU
	EndGlobalSection
	GlobalSection(SolutionProperties) = preSolution
		HideSolutionNode = FALSE
	EndGlobalSection
	GlobalSection(ExtensibilityGlobals) = postSolution
		SolutionGuid = {FFE63CAA-65C7-437D-9383-517DF7923B8B}
	EndGlobalSection
EndGlobal
