
Microsoft Visual Studio Solution File, Format Version 12.00
# Visual Studio Version 16
VisualStudioVersion = 16.0.31613.86
MinimumVisualStudioVersion = 10.0.40219.1
Project("{FAE04EC0-301F-11D3-BF4B-00C04F79EFBC}") = "HanojskiStolpi", "HanojskiStolpi\HanojskiStolpi.csproj", "{ED5C2325-30AC-498B-82F8-D7263135EEFE}"
EndProject
Global
	GlobalSection(SolutionConfigurationPlatforms) = preSolution
		Debug|Any CPU = Debug|Any CPU
		Release|Any CPU = Release|Any CPU
	EndGlobalSection
	GlobalSection(ProjectConfigurationPlatforms) = postSolution
		{ED5C2325-30AC-498B-82F8-D7263135EEFE}.Debug|Any CPU.ActiveCfg = Debug|Any CPU
		{ED5C2325-30AC-498B-82F8-D7263135EEFE}.Debug|Any CPU.Build.0 = Debug|Any CPU
		{ED5C2325-30AC-498B-82F8-D7263135EEFE}.Release|Any CPU.ActiveCfg = Release|Any CPU
		{ED5C2325-30AC-498B-82F8-D7263135EEFE}.Release|Any CPU.Build.0 = Release|Any CPU
	EndGlobalSection
	GlobalSection(SolutionProperties) = preSolution
		HideSolutionNode = FALSE
	EndGlobalSection
	GlobalSection(ExtensibilityGlobals) = postSolution
		SolutionGuid = {214BDB14-91A1-4022-9B3D-6E2D2A8CDE4B}
	EndGlobalSection
EndGlobal
