
Microsoft Visual Studio Solution File, Format Version 12.00
# Visual Studio Version 16
VisualStudioVersion = 16.0.31613.86
MinimumVisualStudioVersion = 10.0.40219.1
Project("{FAE04EC0-301F-11D3-BF4B-00C04F79EFBC}") = "Fraktali", "Fraktali\Fraktali.csproj", "{3325B6C4-1B31-4190-B1D9-384094F83606}"
EndProject
Global
	GlobalSection(SolutionConfigurationPlatforms) = preSolution
		Debug|Any CPU = Debug|Any CPU
		Release|Any CPU = Release|Any CPU
	EndGlobalSection
	GlobalSection(ProjectConfigurationPlatforms) = postSolution
		{3325B6C4-1B31-4190-B1D9-384094F83606}.Debug|Any CPU.ActiveCfg = Debug|Any CPU
		{3325B6C4-1B31-4190-B1D9-384094F83606}.Debug|Any CPU.Build.0 = Debug|Any CPU
		{3325B6C4-1B31-4190-B1D9-384094F83606}.Release|Any CPU.ActiveCfg = Release|Any CPU
		{3325B6C4-1B31-4190-B1D9-384094F83606}.Release|Any CPU.Build.0 = Release|Any CPU
	EndGlobalSection
	GlobalSection(SolutionProperties) = preSolution
		HideSolutionNode = FALSE
	EndGlobalSection
	GlobalSection(ExtensibilityGlobals) = postSolution
		SolutionGuid = {341055D8-7861-4CA4-857E-43E030FFC6F6}
	EndGlobalSection
EndGlobal
